
Microsoft Visual Studio Solution File, Format Version 12.00
# Visual Studio Version 17
VisualStudioVersion = 17.10.35004.147
MinimumVisualStudioVersion = 10.0.40219.1
Project("{FAE04EC0-301F-11D3-BF4B-00C04F79EFBC}") = "Product.Domain", "Product.Domain\Product.Domain.csproj", "{E0607622-9C50-4AFF-862E-7A4F9BD13358}"
EndProject
Project("{FAE04EC0-301F-11D3-BF4B-00C04F79EFBC}") = "Product.Infrastructure", "Product.Infrastructure\Product.Infrastructure.csproj", "{438FE5D9-E53E-42EA-83A8-87261D5B3C38}"
EndProject
Project("{FAE04EC0-301F-11D3-BF4B-00C04F79EFBC}") = "Product.API", "Product.API\Product.API.csproj", "{90CB29F6-CA47-4D0D-B996-C7AA3D5D1F01}"
EndProject
Project("{2150E333-8FDC-42A3-9474-1A3956D46DE8}") = "src", "src", "{02EA681E-C7D8-13C7-8484-4AC65E1B71E8}"
EndProject
Project("{2150E333-8FDC-42A3-9474-1A3956D46DE8}") = "tests", "tests", "{3947E849-4665-4E6D-A0D8-F3475C3A32C8}"
EndProject
Project("{2150E333-8FDC-42A3-9474-1A3956D46DE8}") = "Service", "Service", "{818105E6-D7C9-4233-880B-A8CB19AAB78B}"
EndProject
Project("{2150E333-8FDC-42A3-9474-1A3956D46DE8}") = "ProductService", "ProductService", "{38CCCE40-A0C8-4FA9-9DB2-B3B775F48884}"
EndProject
Project("{2150E333-8FDC-42A3-9474-1A3956D46DE8}") = "BuildingBlocks", "BuildingBlocks", "{5DF802E3-C17D-4904-A5EA-22C6A90F8BB8}"
EndProject
Project("{2150E333-8FDC-42A3-9474-1A3956D46DE8}") = "SharedKernel", "SharedKernel", "{333086AF-2D73-4F71-9ACB-4439BF7D48F7}"
EndProject
Project("{FAE04EC0-301F-11D3-BF4B-00C04F79EFBC}") = "BaseEntity", "BaseEntity\BaseEntity.csproj", "{4E3F3705-DD87-4D47-A070-152FFD8A0BE5}"
EndProject
Global
	GlobalSection(SolutionConfigurationPlatforms) = preSolution
		Debug|Any CPU = Debug|Any CPU
		Release|Any CPU = Release|Any CPU
	EndGlobalSection
	GlobalSection(ProjectConfigurationPlatforms) = postSolution
		{E0607622-9C50-4AFF-862E-7A4F9BD13358}.Debug|Any CPU.ActiveCfg = Debug|Any CPU
		{E0607622-9C50-4AFF-862E-7A4F9BD13358}.Debug|Any CPU.Build.0 = Debug|Any CPU
		{E0607622-9C50-4AFF-862E-7A4F9BD13358}.Release|Any CPU.ActiveCfg = Release|Any CPU
		{E0607622-9C50-4AFF-862E-7A4F9BD13358}.Release|Any CPU.Build.0 = Release|Any CPU
		{438FE5D9-E53E-42EA-83A8-87261D5B3C38}.Debug|Any CPU.ActiveCfg = Debug|Any CPU
		{438FE5D9-E53E-42EA-83A8-87261D5B3C38}.Debug|Any CPU.Build.0 = Debug|Any CPU
		{438FE5D9-E53E-42EA-83A8-87261D5B3C38}.Release|Any CPU.ActiveCfg = Release|Any CPU
		{438FE5D9-E53E-42EA-83A8-87261D5B3C38}.Release|Any CPU.Build.0 = Release|Any CPU
		{90CB29F6-CA47-4D0D-B996-C7AA3D5D1F01}.Debug|Any CPU.ActiveCfg = Debug|Any CPU
		{90CB29F6-CA47-4D0D-B996-C7AA3D5D1F01}.Debug|Any CPU.Build.0 = Debug|Any CPU
		{90CB29F6-CA47-4D0D-B996-C7AA3D5D1F01}.Release|Any CPU.ActiveCfg = Release|Any CPU
		{90CB29F6-CA47-4D0D-B996-C7AA3D5D1F01}.Release|Any CPU.Build.0 = Release|Any CPU
		{4E3F3705-DD87-4D47-A070-152FFD8A0BE5}.Debug|Any CPU.ActiveCfg = Debug|Any CPU
		{4E3F3705-DD87-4D47-A070-152FFD8A0BE5}.Debug|Any CPU.Build.0 = Debug|Any CPU
		{4E3F3705-DD87-4D47-A070-152FFD8A0BE5}.Release|Any CPU.ActiveCfg = Release|Any CPU
		{4E3F3705-DD87-4D47-A070-152FFD8A0BE5}.Release|Any CPU.Build.0 = Release|Any CPU
	EndGlobalSection
	GlobalSection(SolutionProperties) = preSolution
		HideSolutionNode = FALSE
	EndGlobalSection
	GlobalSection(NestedProjects) = preSolution
		{E0607622-9C50-4AFF-862E-7A4F9BD13358} = {38CCCE40-A0C8-4FA9-9DB2-B3B775F48884}
		{438FE5D9-E53E-42EA-83A8-87261D5B3C38} = {38CCCE40-A0C8-4FA9-9DB2-B3B775F48884}
		{90CB29F6-CA47-4D0D-B996-C7AA3D5D1F01} = {38CCCE40-A0C8-4FA9-9DB2-B3B775F48884}
		{818105E6-D7C9-4233-880B-A8CB19AAB78B} = {02EA681E-C7D8-13C7-8484-4AC65E1B71E8}
		{38CCCE40-A0C8-4FA9-9DB2-B3B775F48884} = {818105E6-D7C9-4233-880B-A8CB19AAB78B}
		{5DF802E3-C17D-4904-A5EA-22C6A90F8BB8} = {02EA681E-C7D8-13C7-8484-4AC65E1B71E8}
		{333086AF-2D73-4F71-9ACB-4439BF7D48F7} = {5DF802E3-C17D-4904-A5EA-22C6A90F8BB8}
		{4E3F3705-DD87-4D47-A070-152FFD8A0BE5} = {333086AF-2D73-4F71-9ACB-4439BF7D48F7}
	EndGlobalSection
	GlobalSection(ExtensibilityGlobals) = postSolution
		SolutionGuid = {F8FD007E-146F-41D0-BFAF-705D3F31F9FE}
	EndGlobalSection
EndGlobal
