
Microsoft Visual Studio Solution File, Format Version 12.00
# Visual Studio Version 17
VisualStudioVersion = 17.13.35913.81
MinimumVisualStudioVersion = 10.0.40219.1
Project("{FAE04EC0-301F-11D3-BF4B-00C04F79EFBC}") = "Product.Domain", "Services\Product\Product.Domain\Product.Domain.csproj", "{36F667E8-8F45-4EEA-B361-B071E3AE505B}"
EndProject
Project("{FAE04EC0-301F-11D3-BF4B-00C04F79EFBC}") = "Product.Infrastructure", "Services\Product\Product.Infrastructure\Product.Infrastructure.csproj", "{970859B5-A48E-4B69-A1E8-75C8CC26AEE2}"
EndProject
Project("{FAE04EC0-301F-11D3-BF4B-00C04F79EFBC}") = "Product.Controllers", "Services\Product\Product.Controllers\Product.Controllers.csproj", "{0A0034D6-55A1-422F-B6BF-04E297DE9013}"
EndProject
Global
	GlobalSection(SolutionConfigurationPlatforms) = preSolution
		Debug|Any CPU = Debug|Any CPU
		Release|Any CPU = Release|Any CPU
	EndGlobalSection
	GlobalSection(ProjectConfigurationPlatforms) = postSolution
		{36F667E8-8F45-4EEA-B361-B071E3AE505B}.Debug|Any CPU.ActiveCfg = Debug|Any CPU
		{36F667E8-8F45-4EEA-B361-B071E3AE505B}.Debug|Any CPU.Build.0 = Debug|Any CPU
		{36F667E8-8F45-4EEA-B361-B071E3AE505B}.Release|Any CPU.ActiveCfg = Release|Any CPU
		{36F667E8-8F45-4EEA-B361-B071E3AE505B}.Release|Any CPU.Build.0 = Release|Any CPU
		{970859B5-A48E-4B69-A1E8-75C8CC26AEE2}.Debug|Any CPU.ActiveCfg = Debug|Any CPU
		{970859B5-A48E-4B69-A1E8-75C8CC26AEE2}.Debug|Any CPU.Build.0 = Debug|Any CPU
		{970859B5-A48E-4B69-A1E8-75C8CC26AEE2}.Release|Any CPU.ActiveCfg = Release|Any CPU
		{970859B5-A48E-4B69-A1E8-75C8CC26AEE2}.Release|Any CPU.Build.0 = Release|Any CPU
		{0A0034D6-55A1-422F-B6BF-04E297DE9013}.Debug|Any CPU.ActiveCfg = Debug|Any CPU
		{0A0034D6-55A1-422F-B6BF-04E297DE9013}.Debug|Any CPU.Build.0 = Debug|Any CPU
		{0A0034D6-55A1-422F-B6BF-04E297DE9013}.Release|Any CPU.ActiveCfg = Release|Any CPU
		{0A0034D6-55A1-422F-B6BF-04E297DE9013}.Release|Any CPU.Build.0 = Release|Any CPU
	EndGlobalSection
	GlobalSection(SolutionProperties) = preSolution
		HideSolutionNode = FALSE
	EndGlobalSection
	GlobalSection(ExtensibilityGlobals) = postSolution
		SolutionGuid = {206F2A81-1DE5-4174-A0AA-DE1C332AE720}
	EndGlobalSection
EndGlobal
